// !$*UTF8*$!
{
	archiveVersion = 1;
	classes = {
	};
	objectVersion = 46;
	objects = {

/* Begin PBXBuildFile section */
		730D44971F286CA100E97DC8 /* AppDelegate.swift in Sources */ = {isa = PBXBuildFile; fileRef = 730D44961F286CA100E97DC8 /* AppDelegate.swift */; };
		730D44991F286CA100E97DC8 /* ViewController.swift in Sources */ = {isa = PBXBuildFile; fileRef = 730D44981F286CA100E97DC8 /* ViewController.swift */; };
		730D449C1F286CA100E97DC8 /* Main.storyboard in Resources */ = {isa = PBXBuildFile; fileRef = 730D449A1F286CA100E97DC8 /* Main.storyboard */; };
		730D449F1F286CA100E97DC8 /* AddContentToAppleMusic.xcdatamodeld in Sources */ = {isa = PBXBuildFile; fileRef = 730D449D1F286CA100E97DC8 /* AddContentToAppleMusic.xcdatamodeld */; };
		730D44A11F286CA100E97DC8 /* Assets.xcassets in Resources */ = {isa = PBXBuildFile; fileRef = 730D44A01F286CA100E97DC8 /* Assets.xcassets */; };
		730D44A41F286CA100E97DC8 /* LaunchScreen.storyboard in Resources */ = {isa = PBXBuildFile; fileRef = 730D44A21F286CA100E97DC8 /* LaunchScreen.storyboard */; };
		730D44AC1F28750000E97DC8 /* README.md in Sources */ = {isa = PBXBuildFile; fileRef = 730D44AB1F28750000E97DC8 /* README.md */; };
		730D44B01F288C5B00E97DC8 /* tkinfor.swift in Sources */ = {isa = PBXBuildFile; fileRef = 730D44AF1F288C5B00E97DC8 /* tkinfor.swift */; };
		730D44B21F289A2D00E97DC8 /* AuthorizationManager.swift in Sources */ = {isa = PBXBuildFile; fileRef = 730D44B11F289A2D00E97DC8 /* AuthorizationManager.swift */; };
		730D44B41F289E1900E97DC8 /* AppleMusicManager.swift in Sources */ = {isa = PBXBuildFile; fileRef = 730D44B31F289E1900E97DC8 /* AppleMusicManager.swift */; };
		730D44B71F289FEA00E97DC8 /* JSONKeys.swift in Sources */ = {isa = PBXBuildFile; fileRef = 730D44B61F289FEA00E97DC8 /* JSONKeys.swift */; };
		730D44B91F28A01600E97DC8 /* AppleMusicRequestFactory.swift in Sources */ = {isa = PBXBuildFile; fileRef = 730D44B81F28A01600E97DC8 /* AppleMusicRequestFactory.swift */; };
		730D44BC1F28AFF200E97DC8 /* SerializationError.swift in Sources */ = {isa = PBXBuildFile; fileRef = 730D44BB1F28AFF200E97DC8 /* SerializationError.swift */; };
		730D44BE1F28B00700E97DC8 /* MediaItem.swift in Sources */ = {isa = PBXBuildFile; fileRef = 730D44BD1F28B00700E97DC8 /* MediaItem.swift */; };
		730D44C01F28B02D00E97DC8 /* Artwork.swift in Sources */ = {isa = PBXBuildFile; fileRef = 730D44BF1F28B02D00E97DC8 /* Artwork.swift */; };
		73B967D41F29C0F0009C3DA2 /* AuthorizationDataSource.swift in Sources */ = {isa = PBXBuildFile; fileRef = 73B967D31F29C0F0009C3DA2 /* AuthorizationDataSource.swift */; };
		73B967D61F29CA44009C3DA2 /* ImageCacheManager.swift in Sources */ = {isa = PBXBuildFile; fileRef = 73B967D51F29CA44009C3DA2 /* ImageCacheManager.swift */; };
		73B967D81F29CC57009C3DA2 /* MediaLibraryManager.swift in Sources */ = {isa = PBXBuildFile; fileRef = 73B967D71F29CC57009C3DA2 /* MediaLibraryManager.swift */; };
/* End PBXBuildFile section */

/* Begin PBXFileReference section */
		730D44931F286CA100E97DC8 /* AddContentToAppleMusic.app */ = {isa = PBXFileReference; explicitFileType = wrapper.application; includeInIndex = 0; path = AddContentToAppleMusic.app; sourceTree = BUILT_PRODUCTS_DIR; };
		730D44961F286CA100E97DC8 /* AppDelegate.swift */ = {isa = PBXFileReference; lastKnownFileType = sourcecode.swift; path = AppDelegate.swift; sourceTree = "<group>"; };
		730D44981F286CA100E97DC8 /* ViewController.swift */ = {isa = PBXFileReference; lastKnownFileType = sourcecode.swift; path = ViewController.swift; sourceTree = "<group>"; };
		730D449B1F286CA100E97DC8 /* Base */ = {isa = PBXFileReference; lastKnownFileType = file.storyboard; name = Base; path = Base.lproj/Main.storyboard; sourceTree = "<group>"; };
		730D449E1F286CA100E97DC8 /* AddContentToAppleMusic.xcdatamodel */ = {isa = PBXFileReference; lastKnownFileType = wrapper.xcdatamodel; path = AddContentToAppleMusic.xcdatamodel; sourceTree = "<group>"; };
		730D44A01F286CA100E97DC8 /* Assets.xcassets */ = {isa = PBXFileReference; lastKnownFileType = folder.assetcatalog; path = Assets.xcassets; sourceTree = "<group>"; };
		730D44A31F286CA100E97DC8 /* Base */ = {isa = PBXFileReference; lastKnownFileType = file.storyboard; name = Base; path = Base.lproj/LaunchScreen.storyboard; sourceTree = "<group>"; };
		730D44A51F286CA200E97DC8 /* Info.plist */ = {isa = PBXFileReference; lastKnownFileType = text.plist.xml; path = Info.plist; sourceTree = "<group>"; };
		730D44AB1F28750000E97DC8 /* README.md */ = {isa = PBXFileReference; fileEncoding = 4; lastKnownFileType = net.daringfireball.markdown; path = README.md; sourceTree = "<group>"; };
		730D44AF1F288C5B00E97DC8 /* tkinfor.swift */ = {isa = PBXFileReference; fileEncoding = 4; lastKnownFileType = sourcecode.swift; path = tkinfor.swift; sourceTree = "<group>"; };
		730D44B11F289A2D00E97DC8 /* AuthorizationManager.swift */ = {isa = PBXFileReference; fileEncoding = 4; lastKnownFileType = sourcecode.swift; path = AuthorizationManager.swift; sourceTree = "<group>"; };
		730D44B31F289E1900E97DC8 /* AppleMusicManager.swift */ = {isa = PBXFileReference; fileEncoding = 4; lastKnownFileType = sourcecode.swift; path = AppleMusicManager.swift; sourceTree = "<group>"; };
		730D44B61F289FEA00E97DC8 /* JSONKeys.swift */ = {isa = PBXFileReference; fileEncoding = 4; lastKnownFileType = sourcecode.swift; path = JSONKeys.swift; sourceTree = "<group>"; };
		730D44B81F28A01600E97DC8 /* AppleMusicRequestFactory.swift */ = {isa = PBXFileReference; fileEncoding = 4; lastKnownFileType = sourcecode.swift; path = AppleMusicRequestFactory.swift; sourceTree = "<group>"; };
		730D44BB1F28AFF200E97DC8 /* SerializationError.swift */ = {isa = PBXFileReference; fileEncoding = 4; lastKnownFileType = sourcecode.swift; path = SerializationError.swift; sourceTree = "<group>"; };
		730D44BD1F28B00700E97DC8 /* MediaItem.swift */ = {isa = PBXFileReference; fileEncoding = 4; lastKnownFileType = sourcecode.swift; path = MediaItem.swift; sourceTree = "<group>"; };
		730D44BF1F28B02D00E97DC8 /* Artwork.swift */ = {isa = PBXFileReference; fileEncoding = 4; lastKnownFileType = sourcecode.swift; path = Artwork.swift; sourceTree = "<group>"; };
		73B967D31F29C0F0009C3DA2 /* AuthorizationDataSource.swift */ = {isa = PBXFileReference; fileEncoding = 4; lastKnownFileType = sourcecode.swift; path = AuthorizationDataSource.swift; sourceTree = "<group>"; };
		73B967D51F29CA44009C3DA2 /* ImageCacheManager.swift */ = {isa = PBXFileReference; fileEncoding = 4; lastKnownFileType = sourcecode.swift; path = ImageCacheManager.swift; sourceTree = "<group>"; };
		73B967D71F29CC57009C3DA2 /* MediaLibraryManager.swift */ = {isa = PBXFileReference; fileEncoding = 4; lastKnownFileType = sourcecode.swift; path = MediaLibraryManager.swift; sourceTree = "<group>"; };
/* End PBXFileReference section */

/* Begin PBXFrameworksBuildPhase section */
		730D44901F286CA100E97DC8 /* Frameworks */ = {
			isa = PBXFrameworksBuildPhase;
			buildActionMask = 2147483647;
			files = (
			);
			runOnlyForDeploymentPostprocessing = 0;
		};
/* End PBXFrameworksBuildPhase section */

/* Begin PBXGroup section */
		730D448A1F286CA100E97DC8 = {
			isa = PBXGroup;
			children = (
				730D44AB1F28750000E97DC8 /* README.md */,
				730D44951F286CA100E97DC8 /* AddContentToAppleMusic */,
				730D44941F286CA100E97DC8 /* Products */,
			);
			sourceTree = "<group>";
		};
		730D44941F286CA100E97DC8 /* Products */ = {
			isa = PBXGroup;
			children = (
				730D44931F286CA100E97DC8 /* AddContentToAppleMusic.app */,
			);
			name = Products;
			sourceTree = "<group>";
		};
		730D44951F286CA100E97DC8 /* AddContentToAppleMusic */ = {
			isa = PBXGroup;
			children = (
				730D44BA1F28AFC800E97DC8 /* Model */,
				730D44B51F289FD800E97DC8 /* Utility */,
				730D44961F286CA100E97DC8 /* AppDelegate.swift */,
				730D44981F286CA100E97DC8 /* ViewController.swift */,
				730D449A1F286CA100E97DC8 /* Main.storyboard */,
				730D44A01F286CA100E97DC8 /* Assets.xcassets */,
				730D44A21F286CA100E97DC8 /* LaunchScreen.storyboard */,
				730D44A51F286CA200E97DC8 /* Info.plist */,
				730D449D1F286CA100E97DC8 /* AddContentToAppleMusic.xcdatamodeld */,
				730D44AF1F288C5B00E97DC8 /* tkinfor.swift */,
				73B967D21F29C0AE009C3DA2 /* Controller */,
			);
			path = AddContentToAppleMusic;
			sourceTree = "<group>";
		};
		730D44B51F289FD800E97DC8 /* Utility */ = {
			isa = PBXGroup;
			children = (
				730D44B61F289FEA00E97DC8 /* JSONKeys.swift */,
				730D44B81F28A01600E97DC8 /* AppleMusicRequestFactory.swift */,
			);
			name = Utility;
			sourceTree = "<group>";
		};
		730D44BA1F28AFC800E97DC8 /* Model */ = {
			isa = PBXGroup;
			children = (
				730D44BB1F28AFF200E97DC8 /* SerializationError.swift */,
				730D44BD1F28B00700E97DC8 /* MediaItem.swift */,
				730D44BF1F28B02D00E97DC8 /* Artwork.swift */,
			);
			name = Model;
			sourceTree = "<group>";
		};
		73B967D21F29C0AE009C3DA2 /* Controller */ = {
			isa = PBXGroup;
			children = (
				730D44B11F289A2D00E97DC8 /* AuthorizationManager.swift */,
				730D44B31F289E1900E97DC8 /* AppleMusicManager.swift */,
				73B967D31F29C0F0009C3DA2 /* AuthorizationDataSource.swift */,
				73B967D51F29CA44009C3DA2 /* ImageCacheManager.swift */,
				73B967D71F29CC57009C3DA2 /* MediaLibraryManager.swift */,
			);
			name = Controller;
			sourceTree = "<group>";
		};
/* End PBXGroup section */

/* Begin PBXNativeTarget section */
		730D44921F286CA100E97DC8 /* AddContentToAppleMusic */ = {
			isa = PBXNativeTarget;
			buildConfigurationList = 730D44A81F286CA200E97DC8 /* Build configuration list for PBXNativeTarget "AddContentToAppleMusic" */;
			buildPhases = (
				730D448F1F286CA100E97DC8 /* Sources */,
				730D44901F286CA100E97DC8 /* Frameworks */,
				730D44911F286CA100E97DC8 /* Resources */,
			);
			buildRules = (
			);
			dependencies = (
			);
			name = AddContentToAppleMusic;
			productName = AddContentToAppleMusic;
			productReference = 730D44931F286CA100E97DC8 /* AddContentToAppleMusic.app */;
			productType = "com.apple.product-type.application";
		};
/* End PBXNativeTarget section */

/* Begin PBXProject section */
		730D448B1F286CA100E97DC8 /* Project object */ = {
			isa = PBXProject;
			attributes = {
				LastSwiftUpdateCheck = 0830;
				LastUpgradeCheck = 0830;
				ORGANIZATIONNAME = "Marvin Lin";
				TargetAttributes = {
					730D44921F286CA100E97DC8 = {
						CreatedOnToolsVersion = 8.3.3;
						DevelopmentTeam = PJPD95M4QP;
						ProvisioningStyle = Automatic;
					};
				};
			};
			buildConfigurationList = 730D448E1F286CA100E97DC8 /* Build configuration list for PBXProject "AddContentToAppleMusic" */;
			compatibilityVersion = "Xcode 3.2";
			developmentRegion = English;
			hasScannedForEncodings = 0;
			knownRegions = (
				en,
				Base,
			);
			mainGroup = 730D448A1F286CA100E97DC8;
			productRefGroup = 730D44941F286CA100E97DC8 /* Products */;
			projectDirPath = "";
			projectRoot = "";
			targets = (
				730D44921F286CA100E97DC8 /* AddContentToAppleMusic */,
			);
		};
/* End PBXProject section */

/* Begin PBXResourcesBuildPhase section */
		730D44911F286CA100E97DC8 /* Resources */ = {
			isa = PBXResourcesBuildPhase;
			buildActionMask = 2147483647;
			files = (
				730D44A41F286CA100E97DC8 /* LaunchScreen.storyboard in Resources */,
				730D44A11F286CA100E97DC8 /* Assets.xcassets in Resources */,
				730D449C1F286CA100E97DC8 /* Main.storyboard in Resources */,
			);
			runOnlyForDeploymentPostprocessing = 0;
		};
/* End PBXResourcesBuildPhase section */

/* Begin PBXSourcesBuildPhase section */
		730D448F1F286CA100E97DC8 /* Sources */ = {
			isa = PBXSourcesBuildPhase;
			buildActionMask = 2147483647;
			files = (
				730D44991F286CA100E97DC8 /* ViewController.swift in Sources */,
				730D449F1F286CA100E97DC8 /* AddContentToAppleMusic.xcdatamodeld in Sources */,
				730D44B21F289A2D00E97DC8 /* AuthorizationManager.swift in Sources */,
				73B967D41F29C0F0009C3DA2 /* AuthorizationDataSource.swift in Sources */,
				730D44B01F288C5B00E97DC8 /* tkinfor.swift in Sources */,
				730D44AC1F28750000E97DC8 /* README.md in Sources */,
				730D44BC1F28AFF200E97DC8 /* SerializationError.swift in Sources */,
				730D44B91F28A01600E97DC8 /* AppleMusicRequestFactory.swift in Sources */,
				73B967D61F29CA44009C3DA2 /* ImageCacheManager.swift in Sources */,
				730D44B41F289E1900E97DC8 /* AppleMusicManager.swift in Sources */,
				73B967D81F29CC57009C3DA2 /* MediaLibraryManager.swift in Sources */,
				730D44971F286CA100E97DC8 /* AppDelegate.swift in Sources */,
				730D44B71F289FEA00E97DC8 /* JSONKeys.swift in Sources */,
				730D44C01F28B02D00E97DC8 /* Artwork.swift in Sources */,
				730D44BE1F28B00700E97DC8 /* MediaItem.swift in Sources */,
			);
			runOnlyForDeploymentPostprocessing = 0;
		};
/* End PBXSourcesBuildPhase section */

/* Begin PBXVariantGroup section */
		730D449A1F286CA100E97DC8 /* Main.storyboard */ = {
			isa = PBXVariantGroup;
			children = (
				730D449B1F286CA100E97DC8 /* Base */,
			);
			name = Main.storyboard;
			sourceTree = "<group>";
		};
		730D44A21F286CA100E97DC8 /* LaunchScreen.storyboard */ = {
			isa = PBXVariantGroup;
			children = (
				730D44A31F286CA100E97DC8 /* Base */,
			);
			name = LaunchScreen.storyboard;
			sourceTree = "<group>";
		};
/* End PBXVariantGroup section */

/* Begin XCBuildConfiguration section */
		730D44A61F286CA200E97DC8 /* Debug */ = {
			isa = XCBuildConfiguration;
			buildSettings = {
				ALWAYS_SEARCH_USER_PATHS = NO;
				CLANG_ANALYZER_NONNULL = YES;
				CLANG_ANALYZER_NUMBER_OBJECT_CONVERSION = YES_AGGRESSIVE;
				CLANG_CXX_LANGUAGE_STANDARD = "gnu++0x";
				CLANG_CXX_LIBRARY = "libc++";
				CLANG_ENABLE_MODULES = YES;
				CLANG_ENABLE_OBJC_ARC = YES;
				CLANG_WARN_BOOL_CONVERSION = YES;
				CLANG_WARN_CONSTANT_CONVERSION = YES;
				CLANG_WARN_DIRECT_OBJC_ISA_USAGE = YES_ERROR;
				CLANG_WARN_DOCUMENTATION_COMMENTS = YES;
				CLANG_WARN_EMPTY_BODY = YES;
				CLANG_WARN_ENUM_CONVERSION = YES;
				CLANG_WARN_INFINITE_RECURSION = YES;
				CLANG_WARN_INT_CONVERSION = YES;
				CLANG_WARN_OBJC_ROOT_CLASS = YES_ERROR;
				CLANG_WARN_SUSPICIOUS_MOVE = YES;
				CLANG_WARN_UNREACHABLE_CODE = YES;
				CLANG_WARN__DUPLICATE_METHOD_MATCH = YES;
				"CODE_SIGN_IDENTITY[sdk=iphoneos*]" = "iPhone Developer";
				COPY_PHASE_STRIP = NO;
				DEBUG_INFORMATION_FORMAT = dwarf;
				ENABLE_STRICT_OBJC_MSGSEND = YES;
				ENABLE_TESTABILITY = YES;
				GCC_C_LANGUAGE_STANDARD = gnu99;
				GCC_DYNAMIC_NO_PIC = NO;
				GCC_NO_COMMON_BLOCKS = YES;
				GCC_OPTIMIZATION_LEVEL = 0;
				GCC_PREPROCESSOR_DEFINITIONS = (
					"DEBUG=1",
					"$(inherited)",
				);
				GCC_WARN_64_TO_32_BIT_CONVERSION = YES;
				GCC_WARN_ABOUT_RETURN_TYPE = YES_ERROR;
				GCC_WARN_UNDECLARED_SELECTOR = YES;
				GCC_WARN_UNINITIALIZED_AUTOS = YES_AGGRESSIVE;
				GCC_WARN_UNUSED_FUNCTION = YES;
				GCC_WARN_UNUSED_VARIABLE = YES;
				IPHONEOS_DEPLOYMENT_TARGET = 10.3;
				MTL_ENABLE_DEBUG_INFO = YES;
				ONLY_ACTIVE_ARCH = YES;
				SDKROOT = iphoneos;
				SWIFT_ACTIVE_COMPILATION_CONDITIONS = DEBUG;
				SWIFT_OPTIMIZATION_LEVEL = "-Onone";
			};
			name = Debug;
		};
		730D44A71F286CA200E97DC8 /* Release */ = {
			isa = XCBuildConfiguration;
			buildSettings = {
				ALWAYS_SEARCH_USER_PATHS = NO;
				CLANG_ANALYZER_NONNULL = YES;
				CLANG_ANALYZER_NUMBER_OBJECT_CONVERSION = YES_AGGRESSIVE;
				CLANG_CXX_LANGUAGE_STANDARD = "gnu++0x";
				CLANG_CXX_LIBRARY = "libc++";
				CLANG_ENABLE_MODULES = YES;
				CLANG_ENABLE_OBJC_ARC = YES;
				CLANG_WARN_BOOL_CONVERSION = YES;
				CLANG_WARN_CONSTANT_CONVERSION = YES;
				CLANG_WARN_DIRECT_OBJC_ISA_USAGE = YES_ERROR;
				CLANG_WARN_DOCUMENTATION_COMMENTS = YES;
				CLANG_WARN_EMPTY_BODY = YES;
				CLANG_WARN_ENUM_CONVERSION = YES;
				CLANG_WARN_INFINITE_RECURSION = YES;
				CLANG_WARN_INT_CONVERSION = YES;
				CLANG_WARN_OBJC_ROOT_CLASS = YES_ERROR;
				CLANG_WARN_SUSPICIOUS_MOVE = YES;
				CLANG_WARN_UNREACHABLE_CODE = YES;
				CLANG_WARN__DUPLICATE_METHOD_MATCH = YES;
				"CODE_SIGN_IDENTITY[sdk=iphoneos*]" = "iPhone Developer";
				COPY_PHASE_STRIP = NO;
				DEBUG_INFORMATION_FORMAT = "dwarf-with-dsym";
				ENABLE_NS_ASSERTIONS = NO;
				ENABLE_STRICT_OBJC_MSGSEND = YES;
				GCC_C_LANGUAGE_STANDARD = gnu99;
				GCC_NO_COMMON_BLOCKS = YES;
				GCC_WARN_64_TO_32_BIT_CONVERSION = YES;
				GCC_WARN_ABOUT_RETURN_TYPE = YES_ERROR;
				GCC_WARN_UNDECLARED_SELECTOR = YES;
				GCC_WARN_UNINITIALIZED_AUTOS = YES_AGGRESSIVE;
				GCC_WARN_UNUSED_FUNCTION = YES;
				GCC_WARN_UNUSED_VARIABLE = YES;
				IPHONEOS_DEPLOYMENT_TARGET = 10.3;
				MTL_ENABLE_DEBUG_INFO = NO;
				SDKROOT = iphoneos;
				SWIFT_OPTIMIZATION_LEVEL = "-Owholemodule";
				VALIDATE_PRODUCT = YES;
			};
			name = Release;
		};
		730D44A91F286CA200E97DC8 /* Debug */ = {
			isa = XCBuildConfiguration;
			buildSettings = {
				ASSETCATALOG_COMPILER_APPICON_NAME = AppIcon;
				DEVELOPMENT_TEAM = PJPD95M4QP;
				INFOPLIST_FILE = AddContentToAppleMusic/Info.plist;
				LD_RUNPATH_SEARCH_PATHS = "$(inherited) @executable_path/Frameworks";
				PRODUCT_BUNDLE_IDENTIFIER = io.marvinlin.AddContentToAppleMusic;
				PRODUCT_NAME = "$(TARGET_NAME)";
				SWIFT_VERSION = 3.0;
			};
			name = Debug;
		};
		730D44AA1F286CA200E97DC8 /* Release */ = {
			isa = XCBuildConfiguration;
			buildSettings = {
				ASSETCATALOG_COMPILER_APPICON_NAME = AppIcon;
				DEVELOPMENT_TEAM = PJPD95M4QP;
				INFOPLIST_FILE = AddContentToAppleMusic/Info.plist;
				LD_RUNPATH_SEARCH_PATHS = "$(inherited) @executable_path/Frameworks";
				PRODUCT_BUNDLE_IDENTIFIER = io.marvinlin.AddContentToAppleMusic;
				PRODUCT_NAME = "$(TARGET_NAME)";
				SWIFT_VERSION = 3.0;
			};
			name = Release;
		};
/* End XCBuildConfiguration section */

/* Begin XCConfigurationList section */
		730D448E1F286CA100E97DC8 /* Build configuration list for PBXProject "AddContentToAppleMusic" */ = {
			isa = XCConfigurationList;
			buildConfigurations = (
				730D44A61F286CA200E97DC8 /* Debug */,
				730D44A71F286CA200E97DC8 /* Release */,
			);
			defaultConfigurationIsVisible = 0;
			defaultConfigurationName = Release;
		};
		730D44A81F286CA200E97DC8 /* Build configuration list for PBXNativeTarget "AddContentToAppleMusic" */ = {
			isa = XCConfigurationList;
			buildConfigurations = (
				730D44A91F286CA200E97DC8 /* Debug */,
				730D44AA1F286CA200E97DC8 /* Release */,
			);
			defaultConfigurationIsVisible = 0;
			defaultConfigurationName = Release;
		};
/* End XCConfigurationList section */

/* Begin XCVersionGroup section */
		730D449D1F286CA100E97DC8 /* AddContentToAppleMusic.xcdatamodeld */ = {
			isa = XCVersionGroup;
			children = (
				730D449E1F286CA100E97DC8 /* AddContentToAppleMusic.xcdatamodel */,
			);
			currentVersion = 730D449E1F286CA100E97DC8 /* AddContentToAppleMusic.xcdatamodel */;
			path = AddContentToAppleMusic.xcdatamodeld;
			sourceTree = "<group>";
			versionGroupType = wrapper.xcdatamodel;
		};
/* End XCVersionGroup section */
	};
	rootObject = 730D448B1F286CA100E97DC8 /* Project object */;
}
